
Microsoft Visual Studio Solution File, Format Version 12.00
# Visual Studio 14
VisualStudioVersion = 14.0.23107.0
MinimumVisualStudioVersion = 10.0.40219.1
Project("{FAE04EC0-301F-11D3-BF4B-00C04F79EFBC}") = "FirstDay", "AdventOfCode\FirstDay.csproj", "{E25D5FB1-57A5-47E0-A5FB-306248DDEC4E}"
EndProject
Project("{FAE04EC0-301F-11D3-BF4B-00C04F79EFBC}") = "Second day", "Second day\Second day.csproj", "{1F02E2C5-D4AC-4D0A-82C2-1C35E6DAAA1A}"
EndProject
Project("{FAE04EC0-301F-11D3-BF4B-00C04F79EFBC}") = "Third day", "Third day\Third day.csproj", "{B7ED93EF-DB6C-43D7-B474-96C9C78A4087}"
EndProject
Project("{FAE04EC0-301F-11D3-BF4B-00C04F79EFBC}") = "Fourth day", "Fourth day\Fourth day.csproj", "{FD53D212-47C1-4104-BD84-DAE3E6DE6B25}"
EndProject
Project("{FAE04EC0-301F-11D3-BF4B-00C04F79EFBC}") = "Fifth day", "Fifth day\Fifth day.csproj", "{FA13CC63-65F6-44EC-9AFC-563F8C4E2AF1}"
EndProject
Project("{FAE04EC0-301F-11D3-BF4B-00C04F79EFBC}") = "Sixth day", "Sixth day\Sixth day.csproj", "{8B08BBEA-EF9A-4F69-BCFD-835FAEABC520}"
EndProject
Project("{FAE04EC0-301F-11D3-BF4B-00C04F79EFBC}") = "Seventh day", "Seventh day\Seventh day.csproj", "{EEA9D9BC-47C4-4054-A6A8-444C60E8383E}"
EndProject
Project("{FAE04EC0-301F-11D3-BF4B-00C04F79EFBC}") = "Eight day", "Eight day\Eight day.csproj", "{8BC2DFAE-A63A-4524-9C24-3D91ED0DE89F}"
EndProject
Project("{FAE04EC0-301F-11D3-BF4B-00C04F79EFBC}") = "Ninth day", "Ninth day\Ninth day.csproj", "{A6072C07-ADD3-4ED7-9E53-0FFBA2C311A0}"
EndProject
Project("{FAE04EC0-301F-11D3-BF4B-00C04F79EFBC}") = "Tenth day", "Tenth day\Tenth day.csproj", "{59BB0386-4290-4213-87DE-38BED39A3579}"
EndProject
Project("{FAE04EC0-301F-11D3-BF4B-00C04F79EFBC}") = "Eleventh day", "Eleventh day\Eleventh day.csproj", "{8D4BBF8D-D866-4530-9027-E04C943ED0DD}"
EndProject
Project("{FAE04EC0-301F-11D3-BF4B-00C04F79EFBC}") = "Twelfth day", "Twelfth day\Twelfth day.csproj", "{5D9D3A03-6D4B-440E-9888-4E180687FF5A}"
EndProject
Project("{FAE04EC0-301F-11D3-BF4B-00C04F79EFBC}") = "Thirteenth day", "Thirteenth day\Thirteenth day.csproj", "{BBAFBECC-BCD9-48D7-A9B6-27145B433324}"
EndProject
Project("{FAE04EC0-301F-11D3-BF4B-00C04F79EFBC}") = "Fourteenth day", "Fourteenth day\Fourteenth day.csproj", "{670BAC2D-9F9E-40DA-ACE6-50FC97783C3B}"
EndProject
Project("{FAE04EC0-301F-11D3-BF4B-00C04F79EFBC}") = "Fifteenth day", "Fifteenth day\Fifteenth day.csproj", "{D602F612-7EDB-474A-8C60-7AC283200149}"
EndProject
Project("{FAE04EC0-301F-11D3-BF4B-00C04F79EFBC}") = "Sixteenth day", "Sixteenth day\Sixteenth day.csproj", "{048A0823-EF3F-418A-A5BC-5E723D1B806D}"
EndProject
Project("{FAE04EC0-301F-11D3-BF4B-00C04F79EFBC}") = "Twenty first day", "Twenty first day\Twenty first day.csproj", "{16C85F05-3CF8-4772-8137-0A28F06CEAC7}"
EndProject
Project("{FAE04EC0-301F-11D3-BF4B-00C04F79EFBC}") = "Twentieth day", "Twentieth day\Twentieth day.csproj", "{ACCF9090-10FF-40EA-BD62-A779296FA16E}"
EndProject
Project("{FAE04EC0-301F-11D3-BF4B-00C04F79EFBC}") = "Eighteenth day", "Eighteenth day\Eighteenth day.csproj", "{A90F5FA8-9065-4BAA-947A-A55771D912AD}"
EndProject
Global
	GlobalSection(SolutionConfigurationPlatforms) = preSolution
		Debug|Any CPU = Debug|Any CPU
		Debug|x64 = Debug|x64
		Release|Any CPU = Release|Any CPU
		Release|x64 = Release|x64
	EndGlobalSection
	GlobalSection(ProjectConfigurationPlatforms) = postSolution
		{E25D5FB1-57A5-47E0-A5FB-306248DDEC4E}.Debug|Any CPU.ActiveCfg = Debug|Any CPU
		{E25D5FB1-57A5-47E0-A5FB-306248DDEC4E}.Debug|Any CPU.Build.0 = Debug|Any CPU
		{E25D5FB1-57A5-47E0-A5FB-306248DDEC4E}.Debug|x64.ActiveCfg = Debug|Any CPU
		{E25D5FB1-57A5-47E0-A5FB-306248DDEC4E}.Debug|x64.Build.0 = Debug|Any CPU
		{E25D5FB1-57A5-47E0-A5FB-306248DDEC4E}.Release|Any CPU.ActiveCfg = Release|Any CPU
		{E25D5FB1-57A5-47E0-A5FB-306248DDEC4E}.Release|Any CPU.Build.0 = Release|Any CPU
		{E25D5FB1-57A5-47E0-A5FB-306248DDEC4E}.Release|x64.ActiveCfg = Release|Any CPU
		{E25D5FB1-57A5-47E0-A5FB-306248DDEC4E}.Release|x64.Build.0 = Release|Any CPU
		{1F02E2C5-D4AC-4D0A-82C2-1C35E6DAAA1A}.Debug|Any CPU.ActiveCfg = Debug|Any CPU
		{1F02E2C5-D4AC-4D0A-82C2-1C35E6DAAA1A}.Debug|Any CPU.Build.0 = Debug|Any CPU
		{1F02E2C5-D4AC-4D0A-82C2-1C35E6DAAA1A}.Debug|x64.ActiveCfg = Debug|Any CPU
		{1F02E2C5-D4AC-4D0A-82C2-1C35E6DAAA1A}.Debug|x64.Build.0 = Debug|Any CPU
		{1F02E2C5-D4AC-4D0A-82C2-1C35E6DAAA1A}.Release|Any CPU.ActiveCfg = Release|Any CPU
		{1F02E2C5-D4AC-4D0A-82C2-1C35E6DAAA1A}.Release|Any CPU.Build.0 = Release|Any CPU
		{1F02E2C5-D4AC-4D0A-82C2-1C35E6DAAA1A}.Release|x64.ActiveCfg = Release|Any CPU
		{1F02E2C5-D4AC-4D0A-82C2-1C35E6DAAA1A}.Release|x64.Build.0 = Release|Any CPU
		{B7ED93EF-DB6C-43D7-B474-96C9C78A4087}.Debug|Any CPU.ActiveCfg = Debug|Any CPU
		{B7ED93EF-DB6C-43D7-B474-96C9C78A4087}.Debug|Any CPU.Build.0 = Debug|Any CPU
		{B7ED93EF-DB6C-43D7-B474-96C9C78A4087}.Debug|x64.ActiveCfg = Debug|Any CPU
		{B7ED93EF-DB6C-43D7-B474-96C9C78A4087}.Debug|x64.Build.0 = Debug|Any CPU
		{B7ED93EF-DB6C-43D7-B474-96C9C78A4087}.Release|Any CPU.ActiveCfg = Release|Any CPU
		{B7ED93EF-DB6C-43D7-B474-96C9C78A4087}.Release|Any CPU.Build.0 = Release|Any CPU
		{B7ED93EF-DB6C-43D7-B474-96C9C78A4087}.Release|x64.ActiveCfg = Release|Any CPU
		{B7ED93EF-DB6C-43D7-B474-96C9C78A4087}.Release|x64.Build.0 = Release|Any CPU
		{FD53D212-47C1-4104-BD84-DAE3E6DE6B25}.Debug|Any CPU.ActiveCfg = Debug|Any CPU
		{FD53D212-47C1-4104-BD84-DAE3E6DE6B25}.Debug|Any CPU.Build.0 = Debug|Any CPU
		{FD53D212-47C1-4104-BD84-DAE3E6DE6B25}.Debug|x64.ActiveCfg = Debug|Any CPU
		{FD53D212-47C1-4104-BD84-DAE3E6DE6B25}.Debug|x64.Build.0 = Debug|Any CPU
		{FD53D212-47C1-4104-BD84-DAE3E6DE6B25}.Release|Any CPU.ActiveCfg = Release|Any CPU
		{FD53D212-47C1-4104-BD84-DAE3E6DE6B25}.Release|Any CPU.Build.0 = Release|Any CPU
		{FD53D212-47C1-4104-BD84-DAE3E6DE6B25}.Release|x64.ActiveCfg = Release|Any CPU
		{FD53D212-47C1-4104-BD84-DAE3E6DE6B25}.Release|x64.Build.0 = Release|Any CPU
		{FA13CC63-65F6-44EC-9AFC-563F8C4E2AF1}.Debug|Any CPU.ActiveCfg = Debug|Any CPU
		{FA13CC63-65F6-44EC-9AFC-563F8C4E2AF1}.Debug|Any CPU.Build.0 = Debug|Any CPU
		{FA13CC63-65F6-44EC-9AFC-563F8C4E2AF1}.Debug|x64.ActiveCfg = Debug|Any CPU
		{FA13CC63-65F6-44EC-9AFC-563F8C4E2AF1}.Debug|x64.Build.0 = Debug|Any CPU
		{FA13CC63-65F6-44EC-9AFC-563F8C4E2AF1}.Release|Any CPU.ActiveCfg = Release|Any CPU
		{FA13CC63-65F6-44EC-9AFC-563F8C4E2AF1}.Release|Any CPU.Build.0 = Release|Any CPU
		{FA13CC63-65F6-44EC-9AFC-563F8C4E2AF1}.Release|x64.ActiveCfg = Release|Any CPU
		{FA13CC63-65F6-44EC-9AFC-563F8C4E2AF1}.Release|x64.Build.0 = Release|Any CPU
		{8B08BBEA-EF9A-4F69-BCFD-835FAEABC520}.Debug|Any CPU.ActiveCfg = Debug|Any CPU
		{8B08BBEA-EF9A-4F69-BCFD-835FAEABC520}.Debug|Any CPU.Build.0 = Debug|Any CPU
		{8B08BBEA-EF9A-4F69-BCFD-835FAEABC520}.Debug|x64.ActiveCfg = Debug|x64
		{8B08BBEA-EF9A-4F69-BCFD-835FAEABC520}.Debug|x64.Build.0 = Debug|x64
		{8B08BBEA-EF9A-4F69-BCFD-835FAEABC520}.Release|Any CPU.ActiveCfg = Release|Any CPU
		{8B08BBEA-EF9A-4F69-BCFD-835FAEABC520}.Release|Any CPU.Build.0 = Release|Any CPU
		{8B08BBEA-EF9A-4F69-BCFD-835FAEABC520}.Release|x64.ActiveCfg = Release|x64
		{8B08BBEA-EF9A-4F69-BCFD-835FAEABC520}.Release|x64.Build.0 = Release|x64
		{EEA9D9BC-47C4-4054-A6A8-444C60E8383E}.Debug|Any CPU.ActiveCfg = Debug|Any CPU
		{EEA9D9BC-47C4-4054-A6A8-444C60E8383E}.Debug|Any CPU.Build.0 = Debug|Any CPU
		{EEA9D9BC-47C4-4054-A6A8-444C60E8383E}.Debug|x64.ActiveCfg = Debug|Any CPU
		{EEA9D9BC-47C4-4054-A6A8-444C60E8383E}.Debug|x64.Build.0 = Debug|Any CPU
		{EEA9D9BC-47C4-4054-A6A8-444C60E8383E}.Release|Any CPU.ActiveCfg = Release|Any CPU
		{EEA9D9BC-47C4-4054-A6A8-444C60E8383E}.Release|Any CPU.Build.0 = Release|Any CPU
		{EEA9D9BC-47C4-4054-A6A8-444C60E8383E}.Release|x64.ActiveCfg = Release|Any CPU
		{EEA9D9BC-47C4-4054-A6A8-444C60E8383E}.Release|x64.Build.0 = Release|Any CPU
		{8BC2DFAE-A63A-4524-9C24-3D91ED0DE89F}.Debug|Any CPU.ActiveCfg = Debug|Any CPU
		{8BC2DFAE-A63A-4524-9C24-3D91ED0DE89F}.Debug|Any CPU.Build.0 = Debug|Any CPU
		{8BC2DFAE-A63A-4524-9C24-3D91ED0DE89F}.Debug|x64.ActiveCfg = Debug|Any CPU
		{8BC2DFAE-A63A-4524-9C24-3D91ED0DE89F}.Debug|x64.Build.0 = Debug|Any CPU
		{8BC2DFAE-A63A-4524-9C24-3D91ED0DE89F}.Release|Any CPU.ActiveCfg = Release|Any CPU
		{8BC2DFAE-A63A-4524-9C24-3D91ED0DE89F}.Release|Any CPU.Build.0 = Release|Any CPU
		{8BC2DFAE-A63A-4524-9C24-3D91ED0DE89F}.Release|x64.ActiveCfg = Release|Any CPU
		{8BC2DFAE-A63A-4524-9C24-3D91ED0DE89F}.Release|x64.Build.0 = Release|Any CPU
		{A6072C07-ADD3-4ED7-9E53-0FFBA2C311A0}.Debug|Any CPU.ActiveCfg = Debug|Any CPU
		{A6072C07-ADD3-4ED7-9E53-0FFBA2C311A0}.Debug|Any CPU.Build.0 = Debug|Any CPU
		{A6072C07-ADD3-4ED7-9E53-0FFBA2C311A0}.Debug|x64.ActiveCfg = Debug|Any CPU
		{A6072C07-ADD3-4ED7-9E53-0FFBA2C311A0}.Debug|x64.Build.0 = Debug|Any CPU
		{A6072C07-ADD3-4ED7-9E53-0FFBA2C311A0}.Release|Any CPU.ActiveCfg = Release|Any CPU
		{A6072C07-ADD3-4ED7-9E53-0FFBA2C311A0}.Release|Any CPU.Build.0 = Release|Any CPU
		{A6072C07-ADD3-4ED7-9E53-0FFBA2C311A0}.Release|x64.ActiveCfg = Release|Any CPU
		{A6072C07-ADD3-4ED7-9E53-0FFBA2C311A0}.Release|x64.Build.0 = Release|Any CPU
		{59BB0386-4290-4213-87DE-38BED39A3579}.Debug|Any CPU.ActiveCfg = Debug|Any CPU
		{59BB0386-4290-4213-87DE-38BED39A3579}.Debug|Any CPU.Build.0 = Debug|Any CPU
		{59BB0386-4290-4213-87DE-38BED39A3579}.Debug|x64.ActiveCfg = Debug|Any CPU
		{59BB0386-4290-4213-87DE-38BED39A3579}.Debug|x64.Build.0 = Debug|Any CPU
		{59BB0386-4290-4213-87DE-38BED39A3579}.Release|Any CPU.ActiveCfg = Release|Any CPU
		{59BB0386-4290-4213-87DE-38BED39A3579}.Release|Any CPU.Build.0 = Release|Any CPU
		{59BB0386-4290-4213-87DE-38BED39A3579}.Release|x64.ActiveCfg = Release|Any CPU
		{59BB0386-4290-4213-87DE-38BED39A3579}.Release|x64.Build.0 = Release|Any CPU
		{8D4BBF8D-D866-4530-9027-E04C943ED0DD}.Debug|Any CPU.ActiveCfg = Debug|Any CPU
		{8D4BBF8D-D866-4530-9027-E04C943ED0DD}.Debug|Any CPU.Build.0 = Debug|Any CPU
		{8D4BBF8D-D866-4530-9027-E04C943ED0DD}.Debug|x64.ActiveCfg = Debug|Any CPU
		{8D4BBF8D-D866-4530-9027-E04C943ED0DD}.Debug|x64.Build.0 = Debug|Any CPU
		{8D4BBF8D-D866-4530-9027-E04C943ED0DD}.Release|Any CPU.ActiveCfg = Release|Any CPU
		{8D4BBF8D-D866-4530-9027-E04C943ED0DD}.Release|Any CPU.Build.0 = Release|Any CPU
		{8D4BBF8D-D866-4530-9027-E04C943ED0DD}.Release|x64.ActiveCfg = Release|Any CPU
		{8D4BBF8D-D866-4530-9027-E04C943ED0DD}.Release|x64.Build.0 = Release|Any CPU
		{5D9D3A03-6D4B-440E-9888-4E180687FF5A}.Debug|Any CPU.ActiveCfg = Debug|Any CPU
		{5D9D3A03-6D4B-440E-9888-4E180687FF5A}.Debug|Any CPU.Build.0 = Debug|Any CPU
		{5D9D3A03-6D4B-440E-9888-4E180687FF5A}.Debug|x64.ActiveCfg = Debug|Any CPU
		{5D9D3A03-6D4B-440E-9888-4E180687FF5A}.Debug|x64.Build.0 = Debug|Any CPU
		{5D9D3A03-6D4B-440E-9888-4E180687FF5A}.Release|Any CPU.ActiveCfg = Release|Any CPU
		{5D9D3A03-6D4B-440E-9888-4E180687FF5A}.Release|Any CPU.Build.0 = Release|Any CPU
		{5D9D3A03-6D4B-440E-9888-4E180687FF5A}.Release|x64.ActiveCfg = Release|Any CPU
		{5D9D3A03-6D4B-440E-9888-4E180687FF5A}.Release|x64.Build.0 = Release|Any CPU
		{BBAFBECC-BCD9-48D7-A9B6-27145B433324}.Debug|Any CPU.ActiveCfg = Debug|Any CPU
		{BBAFBECC-BCD9-48D7-A9B6-27145B433324}.Debug|Any CPU.Build.0 = Debug|Any CPU
		{BBAFBECC-BCD9-48D7-A9B6-27145B433324}.Debug|x64.ActiveCfg = Debug|Any CPU
		{BBAFBECC-BCD9-48D7-A9B6-27145B433324}.Debug|x64.Build.0 = Debug|Any CPU
		{BBAFBECC-BCD9-48D7-A9B6-27145B433324}.Release|Any CPU.ActiveCfg = Release|Any CPU
		{BBAFBECC-BCD9-48D7-A9B6-27145B433324}.Release|Any CPU.Build.0 = Release|Any CPU
		{BBAFBECC-BCD9-48D7-A9B6-27145B433324}.Release|x64.ActiveCfg = Release|Any CPU
		{BBAFBECC-BCD9-48D7-A9B6-27145B433324}.Release|x64.Build.0 = Release|Any CPU
		{670BAC2D-9F9E-40DA-ACE6-50FC97783C3B}.Debug|Any CPU.ActiveCfg = Debug|Any CPU
		{670BAC2D-9F9E-40DA-ACE6-50FC97783C3B}.Debug|Any CPU.Build.0 = Debug|Any CPU
		{670BAC2D-9F9E-40DA-ACE6-50FC97783C3B}.Debug|x64.ActiveCfg = Debug|Any CPU
		{670BAC2D-9F9E-40DA-ACE6-50FC97783C3B}.Debug|x64.Build.0 = Debug|Any CPU
		{670BAC2D-9F9E-40DA-ACE6-50FC97783C3B}.Release|Any CPU.ActiveCfg = Release|Any CPU
		{670BAC2D-9F9E-40DA-ACE6-50FC97783C3B}.Release|Any CPU.Build.0 = Release|Any CPU
		{670BAC2D-9F9E-40DA-ACE6-50FC97783C3B}.Release|x64.ActiveCfg = Release|Any CPU
		{670BAC2D-9F9E-40DA-ACE6-50FC97783C3B}.Release|x64.Build.0 = Release|Any CPU
		{D602F612-7EDB-474A-8C60-7AC283200149}.Debug|Any CPU.ActiveCfg = Debug|Any CPU
		{D602F612-7EDB-474A-8C60-7AC283200149}.Debug|Any CPU.Build.0 = Debug|Any CPU
		{D602F612-7EDB-474A-8C60-7AC283200149}.Debug|x64.ActiveCfg = Debug|Any CPU
		{D602F612-7EDB-474A-8C60-7AC283200149}.Debug|x64.Build.0 = Debug|Any CPU
		{D602F612-7EDB-474A-8C60-7AC283200149}.Release|Any CPU.ActiveCfg = Release|Any CPU
		{D602F612-7EDB-474A-8C60-7AC283200149}.Release|Any CPU.Build.0 = Release|Any CPU
		{D602F612-7EDB-474A-8C60-7AC283200149}.Release|x64.ActiveCfg = Release|Any CPU
		{D602F612-7EDB-474A-8C60-7AC283200149}.Release|x64.Build.0 = Release|Any CPU
		{048A0823-EF3F-418A-A5BC-5E723D1B806D}.Debug|Any CPU.ActiveCfg = Debug|Any CPU
		{048A0823-EF3F-418A-A5BC-5E723D1B806D}.Debug|Any CPU.Build.0 = Debug|Any CPU
		{048A0823-EF3F-418A-A5BC-5E723D1B806D}.Debug|x64.ActiveCfg = Debug|Any CPU
		{048A0823-EF3F-418A-A5BC-5E723D1B806D}.Debug|x64.Build.0 = Debug|Any CPU
		{048A0823-EF3F-418A-A5BC-5E723D1B806D}.Release|Any CPU.ActiveCfg = Release|Any CPU
		{048A0823-EF3F-418A-A5BC-5E723D1B806D}.Release|Any CPU.Build.0 = Release|Any CPU
		{048A0823-EF3F-418A-A5BC-5E723D1B806D}.Release|x64.ActiveCfg = Release|Any CPU
		{048A0823-EF3F-418A-A5BC-5E723D1B806D}.Release|x64.Build.0 = Release|Any CPU
		{16C85F05-3CF8-4772-8137-0A28F06CEAC7}.Debug|Any CPU.ActiveCfg = Debug|Any CPU
		{16C85F05-3CF8-4772-8137-0A28F06CEAC7}.Debug|Any CPU.Build.0 = Debug|Any CPU
		{16C85F05-3CF8-4772-8137-0A28F06CEAC7}.Debug|x64.ActiveCfg = Debug|Any CPU
		{16C85F05-3CF8-4772-8137-0A28F06CEAC7}.Debug|x64.Build.0 = Debug|Any CPU
		{16C85F05-3CF8-4772-8137-0A28F06CEAC7}.Release|Any CPU.ActiveCfg = Release|Any CPU
		{16C85F05-3CF8-4772-8137-0A28F06CEAC7}.Release|Any CPU.Build.0 = Release|Any CPU
		{16C85F05-3CF8-4772-8137-0A28F06CEAC7}.Release|x64.ActiveCfg = Release|Any CPU
		{16C85F05-3CF8-4772-8137-0A28F06CEAC7}.Release|x64.Build.0 = Release|Any CPU
		{ACCF9090-10FF-40EA-BD62-A779296FA16E}.Debug|Any CPU.ActiveCfg = Debug|Any CPU
		{ACCF9090-10FF-40EA-BD62-A779296FA16E}.Debug|Any CPU.Build.0 = Debug|Any CPU
		{ACCF9090-10FF-40EA-BD62-A779296FA16E}.Debug|x64.ActiveCfg = Debug|Any CPU
		{ACCF9090-10FF-40EA-BD62-A779296FA16E}.Debug|x64.Build.0 = Debug|Any CPU
		{ACCF9090-10FF-40EA-BD62-A779296FA16E}.Release|Any CPU.ActiveCfg = Release|Any CPU
		{ACCF9090-10FF-40EA-BD62-A779296FA16E}.Release|Any CPU.Build.0 = Release|Any CPU
		{ACCF9090-10FF-40EA-BD62-A779296FA16E}.Release|x64.ActiveCfg = Release|Any CPU
		{ACCF9090-10FF-40EA-BD62-A779296FA16E}.Release|x64.Build.0 = Release|Any CPU
		{A90F5FA8-9065-4BAA-947A-A55771D912AD}.Debug|Any CPU.ActiveCfg = Debug|Any CPU
		{A90F5FA8-9065-4BAA-947A-A55771D912AD}.Debug|Any CPU.Build.0 = Debug|Any CPU
		{A90F5FA8-9065-4BAA-947A-A55771D912AD}.Debug|x64.ActiveCfg = Debug|Any CPU
		{A90F5FA8-9065-4BAA-947A-A55771D912AD}.Debug|x64.Build.0 = Debug|Any CPU
		{A90F5FA8-9065-4BAA-947A-A55771D912AD}.Release|Any CPU.ActiveCfg = Release|Any CPU
		{A90F5FA8-9065-4BAA-947A-A55771D912AD}.Release|Any CPU.Build.0 = Release|Any CPU
		{A90F5FA8-9065-4BAA-947A-A55771D912AD}.Release|x64.ActiveCfg = Release|Any CPU
		{A90F5FA8-9065-4BAA-947A-A55771D912AD}.Release|x64.Build.0 = Release|Any CPU
	EndGlobalSection
	GlobalSection(SolutionProperties) = preSolution
		HideSolutionNode = FALSE
	EndGlobalSection
EndGlobal
